
Microsoft Visual Studio Solution File, Format Version 12.00
# Visual Studio Version 17
VisualStudioVersion = 17.8.34330.188
MinimumVisualStudioVersion = 10.0.40219.1
Project("{9A19103F-16F7-4668-BE54-9A1E7A4F7556}") = "PlanEverything", "PlanEverything\PlanEverything.csproj", "{2B231863-59B9-4B72-A21A-50434354FCB4}"
EndProject
Project("{9A19103F-16F7-4668-BE54-9A1E7A4F7556}") = "RcloneLibrary", "RcloneLibrary\RcloneLibrary.csproj", "{3DC6CC2E-05EA-4631-80C9-99F45B0BDC0D}"
EndProject
Project("{FAE04EC0-301F-11D3-BF4B-00C04F79EFBC}") = "RcloneTest", "RcloneTest\RcloneTest.csproj", "{7AB9DDBF-8500-4CE2-BB14-F8B719D86086}"
EndProject
Global
	GlobalSection(SolutionConfigurationPlatforms) = preSolution
		Debug|Any CPU = Debug|Any CPU
		Release|Any CPU = Release|Any CPU
	EndGlobalSection
	GlobalSection(ProjectConfigurationPlatforms) = postSolution
		{2B231863-59B9-4B72-A21A-50434354FCB4}.Debug|Any CPU.ActiveCfg = Debug|Any CPU
		{2B231863-59B9-4B72-A21A-50434354FCB4}.Debug|Any CPU.Build.0 = Debug|Any CPU
		{2B231863-59B9-4B72-A21A-50434354FCB4}.Release|Any CPU.ActiveCfg = Release|Any CPU
		{2B231863-59B9-4B72-A21A-50434354FCB4}.Release|Any CPU.Build.0 = Release|Any CPU
		{3DC6CC2E-05EA-4631-80C9-99F45B0BDC0D}.Debug|Any CPU.ActiveCfg = Debug|Any CPU
		{3DC6CC2E-05EA-4631-80C9-99F45B0BDC0D}.Debug|Any CPU.Build.0 = Debug|Any CPU
		{3DC6CC2E-05EA-4631-80C9-99F45B0BDC0D}.Release|Any CPU.ActiveCfg = Release|Any CPU
		{3DC6CC2E-05EA-4631-80C9-99F45B0BDC0D}.Release|Any CPU.Build.0 = Release|Any CPU
		{7AB9DDBF-8500-4CE2-BB14-F8B719D86086}.Debug|Any CPU.ActiveCfg = Debug|Any CPU
		{7AB9DDBF-8500-4CE2-BB14-F8B719D86086}.Debug|Any CPU.Build.0 = Debug|Any CPU
		{7AB9DDBF-8500-4CE2-BB14-F8B719D86086}.Release|Any CPU.ActiveCfg = Release|Any CPU
		{7AB9DDBF-8500-4CE2-BB14-F8B719D86086}.Release|Any CPU.Build.0 = Release|Any CPU
	EndGlobalSection
	GlobalSection(SolutionProperties) = preSolution
		HideSolutionNode = FALSE
	EndGlobalSection
	GlobalSection(ExtensibilityGlobals) = postSolution
		SolutionGuid = {C268D11A-0205-4484-A4C3-E6F3DB2468DA}
	EndGlobalSection
EndGlobal
